{
  "version": 4,
  "terraform_version": "1.12.2",
  "serial": 75,
  "lineage": "1d8275d8-b226-809c-8d3c-db0601d9cc93",
  "outputs": {
    "bastion_external_ip": {
      "value": "158.160.48.139",
      "type": "string"
    },
    "kibana_external_ip": {
      "value": "158.160.121.240",
      "type": "string"
    },
    "load_balancer_ip": {
      "value": [
        "158.160.153.37"
      ],
      "type": [
        "list",
        "string"
      ]
    },
    "web_servers_ips": {
      "value": {
        "web1": "192.168.20.13",
        "web2": "192.168.30.25"
      },
      "type": [
        "object",
        {
          "web1": "string",
          "web2": "string"
        }
      ]
    },
    "zabbix_external_ip": {
      "value": "84.252.131.37",
      "type": "string"
    }
  },
  "resources": [
    {
      "mode": "managed",
      "type": "yandex_compute_instance",
      "name": "bastion",
      "provider": "provider[\"registry.terraform.io/yandex-cloud/yandex\"]",
      "instances": [
        {
          "schema_version": 1,
          "attributes": {
            "allow_recreate": null,
            "allow_stopping_for_update": null,
            "boot_disk": [
              {
                "auto_delete": true,
                "device_name": "fhml38fm1dd651rh4uri",
                "disk_id": "fhml38fm1dd651rh4uri",
                "initialize_params": [
                  {
                    "block_size": 4096,
                    "description": "",
                    "image_id": "fd827b91d99psvq5fjit",
                    "kms_key_id": "",
                    "name": "",
                    "size": 10,
                    "snapshot_id": "",
                    "type": "network-hdd"
                  }
                ],
                "mode": "READ_WRITE"
              }
            ],
            "created_at": "2025-11-13T04:20:48Z",
            "description": "",
            "filesystem": [],
            "folder_id": "b1g9cbs1t90uq9tgn39b",
            "fqdn": "bastion.ru-central1.internal",
            "gpu_cluster_id": "",
            "hardware_generation": [
              {
                "generation2_features": [],
                "legacy_features": [
                  {
                    "pci_topology": "PCI_TOPOLOGY_V1"
                  }
                ]
              }
            ],
            "hostname": "bastion",
            "id": "fhmm366hb1bmujfha0bd",
            "labels": null,
            "local_disk": [],
            "maintenance_grace_period": "",
            "maintenance_policy": null,
            "metadata": {
              "ssh-keys": "ubuntu:ssh-rsa AAAAB3NzaC1yc2EAAAADAQABAAACAQC8tX1swxFOeZi0DTKdxQgDmAW9ew74rlqg2Mmmvojh1i9KqDtygQnlV32xjg8U5TNgSRAokswgm2frydLvaVga5k7qB8gV8PxbYXiOC7NIIIcyGofeIQFkYtzGPQrq4Rb7ekc6f9gDIdtUCuICMAF+repuDTsDwPZETh6/4JxaWYCMQfs+84EmyY9hxIEWkQDwCpBgkUvFkFMcr7+WKICvhzwFwypOfPL0UQVtRFPYCupN9ClHrPSW6DAyoThlnQdkm9wHfVV6RsT0K9BRh7X+sDBEBUeDWAFqiKCiux0KmJyH2P0VJjaJ058S6HiD3L/PJtBN9/dg8XJdE7HbfhqdAHMDuCRtP3EaCOAR8JOieuvQpitz5RdiOXuCXBBPQExNtam61BjgJ+JEAtzTl1UVXaycxjA7c/dSUUwWrHG0SCfQWa9aOyFLSfZyoIXnFYBkXPA7tzv6no8h1/79oxbuDjA372oE3KHI22eypO0qGibRg5knTSCW40uNc3mHMCBs3Qv17dvqn9LsMJ30NWr5Fo8OhZA21IX+3Xf7tX52gj8rmaPZFAf/0djG5Spv850FZkk1s51w/zbvx2v9TEXP0nban2AHCv5E8eR5n3gJX5L7dE4uD0IWlFGD0zxLHxQcal0SHx9NKU0SDKDV7DRQICj6v8u7g28PLEw1nGHXlw== dmitry_kms@mail.ru\n"
            },
            "metadata_options": [
              {
                "aws_v1_http_endpoint": 1,
                "aws_v1_http_token": 2,
                "gce_http_endpoint": 1,
                "gce_http_token": 1
              }
            ],
            "name": "bastion",
            "network_acceleration_type": "standard",
            "network_interface": [
              {
                "dns_record": [],
                "index": 0,
                "ip_address": "192.168.10.26",
                "ipv4": true,
                "ipv6": false,
                "ipv6_address": "",
                "ipv6_dns_record": [],
                "mac_address": "d0:0d:16:19:8d:15",
                "nat": true,
                "nat_dns_record": [],
                "nat_ip_address": "158.160.48.139",
                "nat_ip_version": "IPV4",
                "security_group_ids": [
                  "enp4n2adipanbbiod8bb"
                ],
                "subnet_id": "e9b10u8p4cc7e3kr8t7f"
              }
            ],
            "placement_policy": [
              {
                "host_affinity_rules": [],
                "placement_group_id": "",
                "placement_group_partition": 0
              }
            ],
            "platform_id": "standard-v3",
            "resources": [
              {
                "core_fraction": 100,
                "cores": 2,
                "gpus": 0,
                "memory": 2
              }
            ],
            "scheduling_policy": [
              {
                "preemptible": false
              }
            ],
            "secondary_disk": [],
            "service_account_id": "",
            "status": "running",
            "timeouts": null,
            "zone": "ru-central1-a"
          },
          "sensitive_attributes": [],
          "identity_schema_version": 0,
          "private": "eyJlMmJmYjczMC1lY2FhLTExZTYtOGY4OC0zNDM2M2JjN2M0YzAiOnsiY3JlYXRlIjozMDAwMDAwMDAwMDAsImRlbGV0ZSI6MzAwMDAwMDAwMDAwLCJ1cGRhdGUiOjMwMDAwMDAwMDAwMH0sInNjaGVtYV92ZXJzaW9uIjoiMSJ9",
          "dependencies": [
            "yandex_vpc_network.main",
            "yandex_vpc_security_group.bastion_sg",
            "yandex_vpc_subnet.public"
          ]
        }
      ]
    },
    {
      "mode": "managed",
      "type": "yandex_compute_instance",
      "name": "elasticsearch",
      "provider": "provider[\"registry.terraform.io/yandex-cloud/yandex\"]",
      "instances": [
        {
          "schema_version": 1,
          "attributes": {
            "allow_recreate": null,
            "allow_stopping_for_update": null,
            "boot_disk": [
              {
                "auto_delete": true,
                "device_name": "fhmbeue8hse3laaes5ce",
                "disk_id": "fhmbeue8hse3laaes5ce",
                "initialize_params": [
                  {
                    "block_size": 4096,
                    "description": "",
                    "image_id": "fd827b91d99psvq5fjit",
                    "kms_key_id": "",
                    "name": "",
                    "size": 20,
                    "snapshot_id": "",
                    "type": "network-hdd"
                  }
                ],
                "mode": "READ_WRITE"
              }
            ],
            "created_at": "2025-11-13T04:21:01Z",
            "description": "",
            "filesystem": [],
            "folder_id": "b1g9cbs1t90uq9tgn39b",
            "fqdn": "elasticsearch.ru-central1.internal",
            "gpu_cluster_id": "",
            "hardware_generation": [
              {
                "generation2_features": [],
                "legacy_features": [
                  {
                    "pci_topology": "PCI_TOPOLOGY_V1"
                  }
                ]
              }
            ],
            "hostname": "elasticsearch",
            "id": "fhm3a8geffpdkpjr67ba",
            "labels": null,
            "local_disk": [],
            "maintenance_grace_period": "",
            "maintenance_policy": null,
            "metadata": {
              "ssh-keys": "ubuntu:ssh-rsa AAAAB3NzaC1yc2EAAAADAQABAAACAQC8tX1swxFOeZi0DTKdxQgDmAW9ew74rlqg2Mmmvojh1i9KqDtygQnlV32xjg8U5TNgSRAokswgm2frydLvaVga5k7qB8gV8PxbYXiOC7NIIIcyGofeIQFkYtzGPQrq4Rb7ekc6f9gDIdtUCuICMAF+repuDTsDwPZETh6/4JxaWYCMQfs+84EmyY9hxIEWkQDwCpBgkUvFkFMcr7+WKICvhzwFwypOfPL0UQVtRFPYCupN9ClHrPSW6DAyoThlnQdkm9wHfVV6RsT0K9BRh7X+sDBEBUeDWAFqiKCiux0KmJyH2P0VJjaJ058S6HiD3L/PJtBN9/dg8XJdE7HbfhqdAHMDuCRtP3EaCOAR8JOieuvQpitz5RdiOXuCXBBPQExNtam61BjgJ+JEAtzTl1UVXaycxjA7c/dSUUwWrHG0SCfQWa9aOyFLSfZyoIXnFYBkXPA7tzv6no8h1/79oxbuDjA372oE3KHI22eypO0qGibRg5knTSCW40uNc3mHMCBs3Qv17dvqn9LsMJ30NWr5Fo8OhZA21IX+3Xf7tX52gj8rmaPZFAf/0djG5Spv850FZkk1s51w/zbvx2v9TEXP0nban2AHCv5E8eR5n3gJX5L7dE4uD0IWlFGD0zxLHxQcal0SHx9NKU0SDKDV7DRQICj6v8u7g28PLEw1nGHXlw== dmitry_kms@mail.ru\n"
            },
            "metadata_options": [
              {
                "aws_v1_http_endpoint": 1,
                "aws_v1_http_token": 2,
                "gce_http_endpoint": 1,
                "gce_http_token": 1
              }
            ],
            "name": "elasticsearch",
            "network_acceleration_type": "standard",
            "network_interface": [
              {
                "dns_record": [],
                "index": 0,
                "ip_address": "192.168.20.11",
                "ipv4": true,
                "ipv6": false,
                "ipv6_address": "",
                "ipv6_dns_record": [],
                "mac_address": "d0:0d:35:22:0e:7b",
                "nat": false,
                "nat_dns_record": [],
                "nat_ip_address": "",
                "nat_ip_version": "",
                "security_group_ids": [
                  "enpptkpejk6mr8jskhsh"
                ],
                "subnet_id": "e9bo51o9suv5e1snva5n"
              }
            ],
            "placement_policy": [
              {
                "host_affinity_rules": [],
                "placement_group_id": "",
                "placement_group_partition": 0
              }
            ],
            "platform_id": "standard-v3",
            "resources": [
              {
                "core_fraction": 100,
                "cores": 2,
                "gpus": 0,
                "memory": 4
              }
            ],
            "scheduling_policy": [
              {
                "preemptible": false
              }
            ],
            "secondary_disk": [],
            "service_account_id": "",
            "status": "running",
            "timeouts": null,
            "zone": "ru-central1-a"
          },
          "sensitive_attributes": [],
          "identity_schema_version": 0,
          "private": "eyJlMmJmYjczMC1lY2FhLTExZTYtOGY4OC0zNDM2M2JjN2M0YzAiOnsiY3JlYXRlIjozMDAwMDAwMDAwMDAsImRlbGV0ZSI6MzAwMDAwMDAwMDAwLCJ1cGRhdGUiOjMwMDAwMDAwMDAwMH0sInNjaGVtYV92ZXJzaW9uIjoiMSJ9",
          "dependencies": [
            "yandex_vpc_gateway.nat_gateway",
            "yandex_vpc_network.main",
            "yandex_vpc_route_table.nat",
            "yandex_vpc_security_group.elk_sg",
            "yandex_vpc_subnet.private_a"
          ]
        }
      ]
    },
    {
      "mode": "managed",
      "type": "yandex_compute_instance",
      "name": "kibana",
      "provider": "provider[\"registry.terraform.io/yandex-cloud/yandex\"]",
      "instances": [
        {
          "schema_version": 1,
          "attributes": {
            "allow_recreate": null,
            "allow_stopping_for_update": null,
            "boot_disk": [
              {
                "auto_delete": true,
                "device_name": "fhmll1rhu4dki2t0630a",
                "disk_id": "fhmll1rhu4dki2t0630a",
                "initialize_params": [
                  {
                    "block_size": 4096,
                    "description": "",
                    "image_id": "fd827b91d99psvq5fjit",
                    "kms_key_id": "",
                    "name": "",
                    "size": 20,
                    "snapshot_id": "",
                    "type": "network-hdd"
                  }
                ],
                "mode": "READ_WRITE"
              }
            ],
            "created_at": "2025-11-13T07:43:06Z",
            "description": "",
            "filesystem": [],
            "folder_id": "b1g9cbs1t90uq9tgn39b",
            "fqdn": "kibana.ru-central1.internal",
            "gpu_cluster_id": "",
            "hardware_generation": [
              {
                "generation2_features": [],
                "legacy_features": [
                  {
                    "pci_topology": "PCI_TOPOLOGY_V1"
                  }
                ]
              }
            ],
            "hostname": "kibana",
            "id": "fhmpchkfort81sbo12eo",
            "labels": null,
            "local_disk": [],
            "maintenance_grace_period": "",
            "maintenance_policy": null,
            "metadata": {
              "ssh-keys": "ubuntu:ssh-rsa AAAAB3NzaC1yc2EAAAADAQABAAACAQC8tX1swxFOeZi0DTKdxQgDmAW9ew74rlqg2Mmmvojh1i9KqDtygQnlV32xjg8U5TNgSRAokswgm2frydLvaVga5k7qB8gV8PxbYXiOC7NIIIcyGofeIQFkYtzGPQrq4Rb7ekc6f9gDIdtUCuICMAF+repuDTsDwPZETh6/4JxaWYCMQfs+84EmyY9hxIEWkQDwCpBgkUvFkFMcr7+WKICvhzwFwypOfPL0UQVtRFPYCupN9ClHrPSW6DAyoThlnQdkm9wHfVV6RsT0K9BRh7X+sDBEBUeDWAFqiKCiux0KmJyH2P0VJjaJ058S6HiD3L/PJtBN9/dg8XJdE7HbfhqdAHMDuCRtP3EaCOAR8JOieuvQpitz5RdiOXuCXBBPQExNtam61BjgJ+JEAtzTl1UVXaycxjA7c/dSUUwWrHG0SCfQWa9aOyFLSfZyoIXnFYBkXPA7tzv6no8h1/79oxbuDjA372oE3KHI22eypO0qGibRg5knTSCW40uNc3mHMCBs3Qv17dvqn9LsMJ30NWr5Fo8OhZA21IX+3Xf7tX52gj8rmaPZFAf/0djG5Spv850FZkk1s51w/zbvx2v9TEXP0nban2AHCv5E8eR5n3gJX5L7dE4uD0IWlFGD0zxLHxQcal0SHx9NKU0SDKDV7DRQICj6v8u7g28PLEw1nGHXlw== dmitry_kms@mail.ru\n"
            },
            "metadata_options": [
              {
                "aws_v1_http_endpoint": 1,
                "aws_v1_http_token": 2,
                "gce_http_endpoint": 1,
                "gce_http_token": 1
              }
            ],
            "name": "kibana",
            "network_acceleration_type": "standard",
            "network_interface": [
              {
                "dns_record": [],
                "index": 0,
                "ip_address": "192.168.10.23",
                "ipv4": true,
                "ipv6": false,
                "ipv6_address": "",
                "ipv6_dns_record": [],
                "mac_address": "d0:0d:19:64:68:fc",
                "nat": true,
                "nat_dns_record": [],
                "nat_ip_address": "158.160.121.240",
                "nat_ip_version": "IPV4",
                "security_group_ids": [
                  "enpptkpejk6mr8jskhsh"
                ],
                "subnet_id": "e9b10u8p4cc7e3kr8t7f"
              }
            ],
            "placement_policy": [
              {
                "host_affinity_rules": [],
                "placement_group_id": "",
                "placement_group_partition": 0
              }
            ],
            "platform_id": "standard-v3",
            "resources": [
              {
                "core_fraction": 100,
                "cores": 2,
                "gpus": 0,
                "memory": 4
              }
            ],
            "scheduling_policy": [
              {
                "preemptible": false
              }
            ],
            "secondary_disk": [],
            "service_account_id": "",
            "status": "running",
            "timeouts": null,
            "zone": "ru-central1-a"
          },
          "sensitive_attributes": [],
          "identity_schema_version": 0,
          "private": "eyJlMmJmYjczMC1lY2FhLTExZTYtOGY4OC0zNDM2M2JjN2M0YzAiOnsiY3JlYXRlIjozMDAwMDAwMDAwMDAsImRlbGV0ZSI6MzAwMDAwMDAwMDAwLCJ1cGRhdGUiOjMwMDAwMDAwMDAwMH0sInNjaGVtYV92ZXJzaW9uIjoiMSJ9",
          "dependencies": [
            "yandex_vpc_network.main",
            "yandex_vpc_security_group.elk_sg",
            "yandex_vpc_subnet.public"
          ]
        }
      ]
    },
    {
      "mode": "managed",
      "type": "yandex_compute_instance",
      "name": "web1",
      "provider": "provider[\"registry.terraform.io/yandex-cloud/yandex\"]",
      "instances": [
        {
          "schema_version": 1,
          "attributes": {
            "allow_recreate": null,
            "allow_stopping_for_update": null,
            "boot_disk": [
              {
                "auto_delete": true,
                "device_name": "fhmnehfug54sa7n1pdbd",
                "disk_id": "fhmnehfug54sa7n1pdbd",
                "initialize_params": [
                  {
                    "block_size": 4096,
                    "description": "",
                    "image_id": "fd827b91d99psvq5fjit",
                    "kms_key_id": "",
                    "name": "",
                    "size": 10,
                    "snapshot_id": "",
                    "type": "network-hdd"
                  }
                ],
                "mode": "READ_WRITE"
              }
            ],
            "created_at": "2025-11-13T04:20:44Z",
            "description": "",
            "filesystem": [],
            "folder_id": "b1g9cbs1t90uq9tgn39b",
            "fqdn": "web1.ru-central1.internal",
            "gpu_cluster_id": "",
            "hardware_generation": [
              {
                "generation2_features": [],
                "legacy_features": [
                  {
                    "pci_topology": "PCI_TOPOLOGY_V1"
                  }
                ]
              }
            ],
            "hostname": "web1",
            "id": "fhmf19emnn9g6jqjuicr",
            "labels": null,
            "local_disk": [],
            "maintenance_grace_period": "",
            "maintenance_policy": null,
            "metadata": {
              "ssh-keys": "ubuntu:ssh-rsa AAAAB3NzaC1yc2EAAAADAQABAAACAQC8tX1swxFOeZi0DTKdxQgDmAW9ew74rlqg2Mmmvojh1i9KqDtygQnlV32xjg8U5TNgSRAokswgm2frydLvaVga5k7qB8gV8PxbYXiOC7NIIIcyGofeIQFkYtzGPQrq4Rb7ekc6f9gDIdtUCuICMAF+repuDTsDwPZETh6/4JxaWYCMQfs+84EmyY9hxIEWkQDwCpBgkUvFkFMcr7+WKICvhzwFwypOfPL0UQVtRFPYCupN9ClHrPSW6DAyoThlnQdkm9wHfVV6RsT0K9BRh7X+sDBEBUeDWAFqiKCiux0KmJyH2P0VJjaJ058S6HiD3L/PJtBN9/dg8XJdE7HbfhqdAHMDuCRtP3EaCOAR8JOieuvQpitz5RdiOXuCXBBPQExNtam61BjgJ+JEAtzTl1UVXaycxjA7c/dSUUwWrHG0SCfQWa9aOyFLSfZyoIXnFYBkXPA7tzv6no8h1/79oxbuDjA372oE3KHI22eypO0qGibRg5knTSCW40uNc3mHMCBs3Qv17dvqn9LsMJ30NWr5Fo8OhZA21IX+3Xf7tX52gj8rmaPZFAf/0djG5Spv850FZkk1s51w/zbvx2v9TEXP0nban2AHCv5E8eR5n3gJX5L7dE4uD0IWlFGD0zxLHxQcal0SHx9NKU0SDKDV7DRQICj6v8u7g28PLEw1nGHXlw== dmitry_kms@mail.ru\n"
            },
            "metadata_options": [
              {
                "aws_v1_http_endpoint": 1,
                "aws_v1_http_token": 2,
                "gce_http_endpoint": 1,
                "gce_http_token": 1
              }
            ],
            "name": "web1",
            "network_acceleration_type": "standard",
            "network_interface": [
              {
                "dns_record": [],
                "index": 0,
                "ip_address": "192.168.20.13",
                "ipv4": true,
                "ipv6": false,
                "ipv6_address": "",
                "ipv6_dns_record": [],
                "mac_address": "d0:0d:f0:a5:d6:bd",
                "nat": false,
                "nat_dns_record": [],
                "nat_ip_address": "",
                "nat_ip_version": "",
                "security_group_ids": [
                  "enp4jg8tt0t2viu9odm8"
                ],
                "subnet_id": "e9bo51o9suv5e1snva5n"
              }
            ],
            "placement_policy": [
              {
                "host_affinity_rules": [],
                "placement_group_id": "",
                "placement_group_partition": 0
              }
            ],
            "platform_id": "standard-v3",
            "resources": [
              {
                "core_fraction": 100,
                "cores": 2,
                "gpus": 0,
                "memory": 2
              }
            ],
            "scheduling_policy": [
              {
                "preemptible": false
              }
            ],
            "secondary_disk": [],
            "service_account_id": "",
            "status": "running",
            "timeouts": null,
            "zone": "ru-central1-a"
          },
          "sensitive_attributes": [],
          "identity_schema_version": 0,
          "private": "eyJlMmJmYjczMC1lY2FhLTExZTYtOGY4OC0zNDM2M2JjN2M0YzAiOnsiY3JlYXRlIjozMDAwMDAwMDAwMDAsImRlbGV0ZSI6MzAwMDAwMDAwMDAwLCJ1cGRhdGUiOjMwMDAwMDAwMDAwMH0sInNjaGVtYV92ZXJzaW9uIjoiMSJ9",
          "dependencies": [
            "yandex_vpc_gateway.nat_gateway",
            "yandex_vpc_network.main",
            "yandex_vpc_route_table.nat",
            "yandex_vpc_security_group.web_sg",
            "yandex_vpc_subnet.private_a"
          ]
        }
      ]
    },
    {
      "mode": "managed",
      "type": "yandex_compute_instance",
      "name": "web2",
      "provider": "provider[\"registry.terraform.io/yandex-cloud/yandex\"]",
      "instances": [
        {
          "schema_version": 1,
          "attributes": {
            "allow_recreate": null,
            "allow_stopping_for_update": null,
            "boot_disk": [
              {
                "auto_delete": true,
                "device_name": "epd2n51ehm8j1heuk6nj",
                "disk_id": "epd2n51ehm8j1heuk6nj",
                "initialize_params": [
                  {
                    "block_size": 4096,
                    "description": "",
                    "image_id": "fd827b91d99psvq5fjit",
                    "kms_key_id": "",
                    "name": "",
                    "size": 10,
                    "snapshot_id": "",
                    "type": "network-hdd"
                  }
                ],
                "mode": "READ_WRITE"
              }
            ],
            "created_at": "2025-11-13T04:20:44Z",
            "description": "",
            "filesystem": [],
            "folder_id": "b1g9cbs1t90uq9tgn39b",
            "fqdn": "web2.ru-central1.internal",
            "gpu_cluster_id": "",
            "hardware_generation": [
              {
                "generation2_features": [],
                "legacy_features": [
                  {
                    "pci_topology": "PCI_TOPOLOGY_V1"
                  }
                ]
              }
            ],
            "hostname": "web2",
            "id": "epdkatqgmco2kvh16el1",
            "labels": null,
            "local_disk": [],
            "maintenance_grace_period": "",
            "maintenance_policy": null,
            "metadata": {
              "ssh-keys": "ubuntu:ssh-rsa AAAAB3NzaC1yc2EAAAADAQABAAACAQC8tX1swxFOeZi0DTKdxQgDmAW9ew74rlqg2Mmmvojh1i9KqDtygQnlV32xjg8U5TNgSRAokswgm2frydLvaVga5k7qB8gV8PxbYXiOC7NIIIcyGofeIQFkYtzGPQrq4Rb7ekc6f9gDIdtUCuICMAF+repuDTsDwPZETh6/4JxaWYCMQfs+84EmyY9hxIEWkQDwCpBgkUvFkFMcr7+WKICvhzwFwypOfPL0UQVtRFPYCupN9ClHrPSW6DAyoThlnQdkm9wHfVV6RsT0K9BRh7X+sDBEBUeDWAFqiKCiux0KmJyH2P0VJjaJ058S6HiD3L/PJtBN9/dg8XJdE7HbfhqdAHMDuCRtP3EaCOAR8JOieuvQpitz5RdiOXuCXBBPQExNtam61BjgJ+JEAtzTl1UVXaycxjA7c/dSUUwWrHG0SCfQWa9aOyFLSfZyoIXnFYBkXPA7tzv6no8h1/79oxbuDjA372oE3KHI22eypO0qGibRg5knTSCW40uNc3mHMCBs3Qv17dvqn9LsMJ30NWr5Fo8OhZA21IX+3Xf7tX52gj8rmaPZFAf/0djG5Spv850FZkk1s51w/zbvx2v9TEXP0nban2AHCv5E8eR5n3gJX5L7dE4uD0IWlFGD0zxLHxQcal0SHx9NKU0SDKDV7DRQICj6v8u7g28PLEw1nGHXlw== dmitry_kms@mail.ru\n"
            },
            "metadata_options": [
              {
                "aws_v1_http_endpoint": 1,
                "aws_v1_http_token": 2,
                "gce_http_endpoint": 1,
                "gce_http_token": 1
              }
            ],
            "name": "web2",
            "network_acceleration_type": "standard",
            "network_interface": [
              {
                "dns_record": [],
                "index": 0,
                "ip_address": "192.168.30.25",
                "ipv4": true,
                "ipv6": false,
                "ipv6_address": "",
                "ipv6_dns_record": [],
                "mac_address": "d0:0d:14:57:75:0b",
                "nat": false,
                "nat_dns_record": [],
                "nat_ip_address": "",
                "nat_ip_version": "",
                "security_group_ids": [
                  "enp4jg8tt0t2viu9odm8"
                ],
                "subnet_id": "e2lfc40sn0g02bk3grhb"
              }
            ],
            "placement_policy": [
              {
                "host_affinity_rules": [],
                "placement_group_id": "",
                "placement_group_partition": 0
              }
            ],
            "platform_id": "standard-v3",
            "resources": [
              {
                "core_fraction": 100,
                "cores": 2,
                "gpus": 0,
                "memory": 2
              }
            ],
            "scheduling_policy": [
              {
                "preemptible": false
              }
            ],
            "secondary_disk": [],
            "service_account_id": "",
            "status": "running",
            "timeouts": null,
            "zone": "ru-central1-b"
          },
          "sensitive_attributes": [],
          "identity_schema_version": 0,
          "private": "eyJlMmJmYjczMC1lY2FhLTExZTYtOGY4OC0zNDM2M2JjN2M0YzAiOnsiY3JlYXRlIjozMDAwMDAwMDAwMDAsImRlbGV0ZSI6MzAwMDAwMDAwMDAwLCJ1cGRhdGUiOjMwMDAwMDAwMDAwMH0sInNjaGVtYV92ZXJzaW9uIjoiMSJ9",
          "dependencies": [
            "yandex_vpc_gateway.nat_gateway",
            "yandex_vpc_network.main",
            "yandex_vpc_route_table.nat",
            "yandex_vpc_security_group.web_sg",
            "yandex_vpc_subnet.private_b"
          ]
        }
      ]
    },
    {
      "mode": "managed",
      "type": "yandex_compute_instance",
      "name": "zabbix",
      "provider": "provider[\"registry.terraform.io/yandex-cloud/yandex\"]",
      "instances": [
        {
          "schema_version": 1,
          "attributes": {
            "allow_recreate": null,
            "allow_stopping_for_update": null,
            "boot_disk": [
              {
                "auto_delete": true,
                "device_name": "fhmgepl24ode2tt0fmhh",
                "disk_id": "fhmgepl24ode2tt0fmhh",
                "initialize_params": [
                  {
                    "block_size": 4096,
                    "description": "",
                    "image_id": "fd827b91d99psvq5fjit",
                    "kms_key_id": "",
                    "name": "",
                    "size": 20,
                    "snapshot_id": "",
                    "type": "network-hdd"
                  }
                ],
                "mode": "READ_WRITE"
              }
            ],
            "created_at": "2025-11-13T07:43:01Z",
            "description": "",
            "filesystem": [],
            "folder_id": "b1g9cbs1t90uq9tgn39b",
            "fqdn": "zabbix.ru-central1.internal",
            "gpu_cluster_id": "",
            "hardware_generation": [
              {
                "generation2_features": [],
                "legacy_features": [
                  {
                    "pci_topology": "PCI_TOPOLOGY_V1"
                  }
                ]
              }
            ],
            "hostname": "zabbix",
            "id": "fhm5rcuoad87qtvrtvcb",
            "labels": null,
            "local_disk": [],
            "maintenance_grace_period": "",
            "maintenance_policy": null,
            "metadata": {
              "ssh-keys": "ubuntu:ssh-rsa AAAAB3NzaC1yc2EAAAADAQABAAACAQC8tX1swxFOeZi0DTKdxQgDmAW9ew74rlqg2Mmmvojh1i9KqDtygQnlV32xjg8U5TNgSRAokswgm2frydLvaVga5k7qB8gV8PxbYXiOC7NIIIcyGofeIQFkYtzGPQrq4Rb7ekc6f9gDIdtUCuICMAF+repuDTsDwPZETh6/4JxaWYCMQfs+84EmyY9hxIEWkQDwCpBgkUvFkFMcr7+WKICvhzwFwypOfPL0UQVtRFPYCupN9ClHrPSW6DAyoThlnQdkm9wHfVV6RsT0K9BRh7X+sDBEBUeDWAFqiKCiux0KmJyH2P0VJjaJ058S6HiD3L/PJtBN9/dg8XJdE7HbfhqdAHMDuCRtP3EaCOAR8JOieuvQpitz5RdiOXuCXBBPQExNtam61BjgJ+JEAtzTl1UVXaycxjA7c/dSUUwWrHG0SCfQWa9aOyFLSfZyoIXnFYBkXPA7tzv6no8h1/79oxbuDjA372oE3KHI22eypO0qGibRg5knTSCW40uNc3mHMCBs3Qv17dvqn9LsMJ30NWr5Fo8OhZA21IX+3Xf7tX52gj8rmaPZFAf/0djG5Spv850FZkk1s51w/zbvx2v9TEXP0nban2AHCv5E8eR5n3gJX5L7dE4uD0IWlFGD0zxLHxQcal0SHx9NKU0SDKDV7DRQICj6v8u7g28PLEw1nGHXlw== dmitry_kms@mail.ru\n"
            },
            "metadata_options": [
              {
                "aws_v1_http_endpoint": 1,
                "aws_v1_http_token": 2,
                "gce_http_endpoint": 1,
                "gce_http_token": 1
              }
            ],
            "name": "zabbix",
            "network_acceleration_type": "standard",
            "network_interface": [
              {
                "dns_record": [],
                "index": 0,
                "ip_address": "192.168.10.29",
                "ipv4": true,
                "ipv6": false,
                "ipv6_address": "",
                "ipv6_dns_record": [],
                "mac_address": "d0:0d:5d:b3:d8:53",
                "nat": true,
                "nat_dns_record": [],
                "nat_ip_address": "84.252.131.37",
                "nat_ip_version": "IPV4",
                "security_group_ids": [
                  "enpf3h9ktt1ro2mg0iv0"
                ],
                "subnet_id": "e9b10u8p4cc7e3kr8t7f"
              }
            ],
            "placement_policy": [
              {
                "host_affinity_rules": [],
                "placement_group_id": "",
                "placement_group_partition": 0
              }
            ],
            "platform_id": "standard-v3",
            "resources": [
              {
                "core_fraction": 100,
                "cores": 2,
                "gpus": 0,
                "memory": 4
              }
            ],
            "scheduling_policy": [
              {
                "preemptible": false
              }
            ],
            "secondary_disk": [],
            "service_account_id": "",
            "status": "running",
            "timeouts": null,
            "zone": "ru-central1-a"
          },
          "sensitive_attributes": [],
          "identity_schema_version": 0,
          "private": "eyJlMmJmYjczMC1lY2FhLTExZTYtOGY4OC0zNDM2M2JjN2M0YzAiOnsiY3JlYXRlIjozMDAwMDAwMDAwMDAsImRlbGV0ZSI6MzAwMDAwMDAwMDAwLCJ1cGRhdGUiOjMwMDAwMDAwMDAwMH0sInNjaGVtYV92ZXJzaW9uIjoiMSJ9",
          "dependencies": [
            "yandex_vpc_network.main",
            "yandex_vpc_security_group.zabbix_sg",
            "yandex_vpc_subnet.public"
          ]
        }
      ]
    },
    {
      "mode": "managed",
      "type": "yandex_lb_network_load_balancer",
      "name": "web",
      "provider": "provider[\"registry.terraform.io/yandex-cloud/yandex\"]",
      "instances": [
        {
          "schema_version": 0,
          "attributes": {
            "allow_zonal_shift": false,
            "attached_target_group": [
              {
                "healthcheck": [
                  {
                    "healthy_threshold": 2,
                    "http_options": [
                      {
                        "path": "/",
                        "port": 80
                      }
                    ],
                    "interval": 2,
                    "name": "http-healthcheck",
                    "tcp_options": [],
                    "timeout": 1,
                    "unhealthy_threshold": 2
                  }
                ],
                "target_group_id": "enp64nn4dntr1hkvdmvh"
              }
            ],
            "created_at": "2025-11-13T04:21:39Z",
            "deletion_protection": false,
            "description": "",
            "folder_id": "b1g9cbs1t90uq9tgn39b",
            "id": "enplij9556unupbdi30r",
            "labels": null,
            "listener": [
              {
                "external_address_spec": [
                  {
                    "address": "158.160.153.37",
                    "ip_version": "ipv4"
                  }
                ],
                "internal_address_spec": [],
                "name": "web-listener",
                "port": 80,
                "protocol": "tcp",
                "target_port": 80
              }
            ],
            "name": "web-load-balancer",
            "region_id": "ru-central1",
            "timeouts": null,
            "type": "external"
          },
          "sensitive_attributes": [],
          "identity_schema_version": 0,
          "private": "eyJlMmJmYjczMC1lY2FhLTExZTYtOGY4OC0zNDM2M2JjN2M0YzAiOnsiY3JlYXRlIjozMDAwMDAwMDAwMDAsImRlbGV0ZSI6MzAwMDAwMDAwMDAwLCJ1cGRhdGUiOjMwMDAwMDAwMDAwMH19",
          "dependencies": [
            "yandex_compute_instance.web1",
            "yandex_compute_instance.web2",
            "yandex_lb_target_group.web",
            "yandex_vpc_gateway.nat_gateway",
            "yandex_vpc_network.main",
            "yandex_vpc_route_table.nat",
            "yandex_vpc_security_group.web_sg",
            "yandex_vpc_subnet.private_a",
            "yandex_vpc_subnet.private_b"
          ]
        }
      ]
    },
    {
      "mode": "managed",
      "type": "yandex_lb_target_group",
      "name": "web",
      "provider": "provider[\"registry.terraform.io/yandex-cloud/yandex\"]",
      "instances": [
        {
          "schema_version": 1,
          "attributes": {
            "created_at": "2025-11-13T04:21:36Z",
            "description": "",
            "folder_id": "b1g9cbs1t90uq9tgn39b",
            "id": "enp64nn4dntr1hkvdmvh",
            "labels": null,
            "name": "web-target-group",
            "region_id": "ru-central1",
            "target": [
              {
                "address": "192.168.20.13",
                "subnet_id": "e9bo51o9suv5e1snva5n"
              },
              {
                "address": "192.168.30.25",
                "subnet_id": "e2lfc40sn0g02bk3grhb"
              }
            ],
            "target_group_id": "enp64nn4dntr1hkvdmvh",
            "timeouts": null
          },
          "sensitive_attributes": [],
          "identity_schema_version": 0,
          "dependencies": [
            "yandex_compute_instance.web1",
            "yandex_compute_instance.web2",
            "yandex_vpc_gateway.nat_gateway",
            "yandex_vpc_network.main",
            "yandex_vpc_route_table.nat",
            "yandex_vpc_security_group.web_sg",
            "yandex_vpc_subnet.private_a",
            "yandex_vpc_subnet.private_b"
          ]
        }
      ]
    },
    {
      "mode": "managed",
      "type": "yandex_vpc_gateway",
      "name": "nat_gateway",
      "provider": "provider[\"registry.terraform.io/yandex-cloud/yandex\"]",
      "instances": [
        {
          "schema_version": 0,
          "attributes": {
            "created_at": "2025-11-13T04:20:36Z",
            "description": "",
            "folder_id": "b1g9cbs1t90uq9tgn39b",
            "id": "enpkq1u6mqnajmj44q96",
            "labels": {},
            "name": "nat-gateway",
            "shared_egress_gateway": [
              {}
            ],
            "timeouts": null
          },
          "sensitive_attributes": [],
          "identity_schema_version": 0,
          "private": "eyJlMmJmYjczMC1lY2FhLTExZTYtOGY4OC0zNDM2M2JjN2M0YzAiOnsiY3JlYXRlIjo2MDAwMDAwMDAwMCwiZGVsZXRlIjo2MDAwMDAwMDAwMCwidXBkYXRlIjo2MDAwMDAwMDAwMH19"
        }
      ]
    },
    {
      "mode": "managed",
      "type": "yandex_vpc_network",
      "name": "main",
      "provider": "provider[\"registry.terraform.io/yandex-cloud/yandex\"]",
      "instances": [
        {
          "schema_version": 0,
          "attributes": {
            "created_at": "2025-11-13T04:20:36Z",
            "default_security_group_id": "enpjrgusc9ajj0kvsalv",
            "description": "",
            "folder_id": "b1g9cbs1t90uq9tgn39b",
            "id": "enph93srhpb84ub3d956",
            "labels": {},
            "name": "main-network",
            "subnet_ids": [
              "e2lfc40sn0g02bk3grhb",
              "e9b10u8p4cc7e3kr8t7f",
              "e9bo51o9suv5e1snva5n"
            ],
            "timeouts": null
          },
          "sensitive_attributes": [],
          "identity_schema_version": 0,
          "private": "eyJlMmJmYjczMC1lY2FhLTExZTYtOGY4OC0zNDM2M2JjN2M0YzAiOnsiY3JlYXRlIjo2MDAwMDAwMDAwMCwiZGVsZXRlIjo2MDAwMDAwMDAwMCwidXBkYXRlIjo2MDAwMDAwMDAwMH19"
        }
      ]
    },
    {
      "mode": "managed",
      "type": "yandex_vpc_route_table",
      "name": "nat",
      "provider": "provider[\"registry.terraform.io/yandex-cloud/yandex\"]",
      "instances": [
        {
          "schema_version": 0,
          "attributes": {
            "created_at": "2025-11-13T04:20:40Z",
            "description": "",
            "folder_id": "b1g9cbs1t90uq9tgn39b",
            "id": "enpe8tb4gvgeb9g3pqlm",
            "labels": {},
            "name": "nat-route-table",
            "network_id": "enph93srhpb84ub3d956",
            "static_route": [
              {
                "destination_prefix": "0.0.0.0/0",
                "gateway_id": "enpkq1u6mqnajmj44q96",
                "next_hop_address": ""
              }
            ],
            "timeouts": null
          },
          "sensitive_attributes": [],
          "identity_schema_version": 0,
          "private": "eyJlMmJmYjczMC1lY2FhLTExZTYtOGY4OC0zNDM2M2JjN2M0YzAiOnsiY3JlYXRlIjoxODAwMDAwMDAwMDAsImRlbGV0ZSI6MTgwMDAwMDAwMDAwLCJ1cGRhdGUiOjE4MDAwMDAwMDAwMH19",
          "dependencies": [
            "yandex_vpc_gateway.nat_gateway",
            "yandex_vpc_network.main"
          ]
        }
      ]
    },
    {
      "mode": "managed",
      "type": "yandex_vpc_security_group",
      "name": "bastion_sg",
      "provider": "provider[\"registry.terraform.io/yandex-cloud/yandex\"]",
      "instances": [
        {
          "schema_version": 0,
          "attributes": {
            "created_at": "2025-11-13T04:20:47Z",
            "description": "",
            "egress": [
              {
                "description": "",
                "from_port": -1,
                "id": "enphhhd6p2pn0qga6oa1",
                "labels": {},
                "port": -1,
                "predefined_target": "",
                "protocol": "ANY",
                "security_group_id": "",
                "to_port": -1,
                "v4_cidr_blocks": [
                  "0.0.0.0/0"
                ],
                "v6_cidr_blocks": []
              }
            ],
            "folder_id": "b1g9cbs1t90uq9tgn39b",
            "id": "enp4n2adipanbbiod8bb",
            "ingress": [
              {
                "description": "",
                "from_port": -1,
                "id": "enpt3vr0j2soup2q7ki7",
                "labels": {},
                "port": 22,
                "predefined_target": "",
                "protocol": "TCP",
                "security_group_id": "",
                "to_port": -1,
                "v4_cidr_blocks": [
                  "0.0.0.0/0"
                ],
                "v6_cidr_blocks": []
              }
            ],
            "labels": {},
            "name": "bastion-security-group",
            "network_id": "enph93srhpb84ub3d956",
            "status": "ACTIVE",
            "timeouts": null
          },
          "sensitive_attributes": [],
          "identity_schema_version": 0,
          "private": "eyJlMmJmYjczMC1lY2FhLTExZTYtOGY4OC0zNDM2M2JjN2M0YzAiOnsiY3JlYXRlIjoxODAwMDAwMDAwMDAsImRlbGV0ZSI6MTgwMDAwMDAwMDAwLCJ1cGRhdGUiOjE4MDAwMDAwMDAwMH19",
          "dependencies": [
            "yandex_vpc_network.main"
          ]
        }
      ]
    },
    {
      "mode": "managed",
      "type": "yandex_vpc_security_group",
      "name": "elk_sg",
      "provider": "provider[\"registry.terraform.io/yandex-cloud/yandex\"]",
      "instances": [
        {
          "schema_version": 0,
          "attributes": {
            "created_at": "2025-11-13T04:21:00Z",
            "description": "",
            "egress": [
              {
                "description": "",
                "from_port": -1,
                "id": "enpdg6mm8e6e9mokld4e",
                "labels": {},
                "port": -1,
                "predefined_target": "",
                "protocol": "ANY",
                "security_group_id": "",
                "to_port": -1,
                "v4_cidr_blocks": [
                  "0.0.0.0/0"
                ],
                "v6_cidr_blocks": []
              }
            ],
            "folder_id": "b1g9cbs1t90uq9tgn39b",
            "id": "enpptkpejk6mr8jskhsh",
            "ingress": [
              {
                "description": "",
                "from_port": -1,
                "id": "enp5fm4e6chp34g627k1",
                "labels": {},
                "port": 22,
                "predefined_target": "",
                "protocol": "TCP",
                "security_group_id": "",
                "to_port": -1,
                "v4_cidr_blocks": [
                  "192.168.10.0/24"
                ],
                "v6_cidr_blocks": []
              },
              {
                "description": "",
                "from_port": -1,
                "id": "enpq2kvj2hrb6id64tip",
                "labels": {},
                "port": 5601,
                "predefined_target": "",
                "protocol": "TCP",
                "security_group_id": "",
                "to_port": -1,
                "v4_cidr_blocks": [
                  "0.0.0.0/0"
                ],
                "v6_cidr_blocks": []
              },
              {
                "description": "",
                "from_port": -1,
                "id": "enpu3snqtd4a75img3d8",
                "labels": {},
                "port": 9200,
                "predefined_target": "",
                "protocol": "TCP",
                "security_group_id": "",
                "to_port": -1,
                "v4_cidr_blocks": [
                  "192.168.20.0/24",
                  "192.168.30.0/24"
                ],
                "v6_cidr_blocks": []
              }
            ],
            "labels": {},
            "name": "elk-security-group",
            "network_id": "enph93srhpb84ub3d956",
            "status": "ACTIVE",
            "timeouts": null
          },
          "sensitive_attributes": [],
          "identity_schema_version": 0,
          "private": "eyJlMmJmYjczMC1lY2FhLTExZTYtOGY4OC0zNDM2M2JjN2M0YzAiOnsiY3JlYXRlIjoxODAwMDAwMDAwMDAsImRlbGV0ZSI6MTgwMDAwMDAwMDAwLCJ1cGRhdGUiOjE4MDAwMDAwMDAwMH19",
          "dependencies": [
            "yandex_vpc_network.main"
          ]
        }
      ]
    },
    {
      "mode": "managed",
      "type": "yandex_vpc_security_group",
      "name": "web_sg",
      "provider": "provider[\"registry.terraform.io/yandex-cloud/yandex\"]",
      "instances": [
        {
          "schema_version": 0,
          "attributes": {
            "created_at": "2025-11-13T04:20:41Z",
            "description": "",
            "egress": [
              {
                "description": "",
                "from_port": -1,
                "id": "enp45mhlghogc059itm1",
                "labels": {},
                "port": -1,
                "predefined_target": "",
                "protocol": "ANY",
                "security_group_id": "",
                "to_port": -1,
                "v4_cidr_blocks": [
                  "0.0.0.0/0"
                ],
                "v6_cidr_blocks": []
              }
            ],
            "folder_id": "b1g9cbs1t90uq9tgn39b",
            "id": "enp4jg8tt0t2viu9odm8",
            "ingress": [
              {
                "description": "",
                "from_port": -1,
                "id": "enpft3q8sks2fofgk7u0",
                "labels": {},
                "port": 22,
                "predefined_target": "",
                "protocol": "TCP",
                "security_group_id": "",
                "to_port": -1,
                "v4_cidr_blocks": [
                  "192.168.10.0/24"
                ],
                "v6_cidr_blocks": []
              },
              {
                "description": "",
                "from_port": -1,
                "id": "enplv01qkquurqsg4v6g",
                "labels": {},
                "port": 10050,
                "predefined_target": "",
                "protocol": "TCP",
                "security_group_id": "",
                "to_port": -1,
                "v4_cidr_blocks": [
                  "192.168.10.0/24"
                ],
                "v6_cidr_blocks": []
              },
              {
                "description": "",
                "from_port": -1,
                "id": "enprikp2jfrpag9b6pe3",
                "labels": {},
                "port": 80,
                "predefined_target": "",
                "protocol": "TCP",
                "security_group_id": "",
                "to_port": -1,
                "v4_cidr_blocks": [
                  "0.0.0.0/0"
                ],
                "v6_cidr_blocks": []
              }
            ],
            "labels": {},
            "name": "web-security-group",
            "network_id": "enph93srhpb84ub3d956",
            "status": "ACTIVE",
            "timeouts": null
          },
          "sensitive_attributes": [],
          "identity_schema_version": 0,
          "private": "eyJlMmJmYjczMC1lY2FhLTExZTYtOGY4OC0zNDM2M2JjN2M0YzAiOnsiY3JlYXRlIjoxODAwMDAwMDAwMDAsImRlbGV0ZSI6MTgwMDAwMDAwMDAwLCJ1cGRhdGUiOjE4MDAwMDAwMDAwMH19",
          "dependencies": [
            "yandex_vpc_network.main"
          ]
        }
      ]
    },
    {
      "mode": "managed",
      "type": "yandex_vpc_security_group",
      "name": "zabbix_sg",
      "provider": "provider[\"registry.terraform.io/yandex-cloud/yandex\"]",
      "instances": [
        {
          "schema_version": 0,
          "attributes": {
            "created_at": "2025-11-13T04:20:44Z",
            "description": "",
            "egress": [
              {
                "description": "",
                "from_port": -1,
                "id": "enp4jnn1s85h6q03lrr0",
                "labels": {},
                "port": -1,
                "predefined_target": "",
                "protocol": "ANY",
                "security_group_id": "",
                "to_port": -1,
                "v4_cidr_blocks": [
                  "0.0.0.0/0"
                ],
                "v6_cidr_blocks": []
              }
            ],
            "folder_id": "b1g9cbs1t90uq9tgn39b",
            "id": "enpf3h9ktt1ro2mg0iv0",
            "ingress": [
              {
                "description": "",
                "from_port": -1,
                "id": "enp0nhj5uajq45q12uj3",
                "labels": {},
                "port": 10051,
                "predefined_target": "",
                "protocol": "TCP",
                "security_group_id": "",
                "to_port": -1,
                "v4_cidr_blocks": [
                  "192.168.20.0/24",
                  "192.168.30.0/24"
                ],
                "v6_cidr_blocks": []
              },
              {
                "description": "",
                "from_port": -1,
                "id": "enp0p7tcvltgodihl53h",
                "labels": {},
                "port": 80,
                "predefined_target": "",
                "protocol": "TCP",
                "security_group_id": "",
                "to_port": -1,
                "v4_cidr_blocks": [
                  "0.0.0.0/0"
                ],
                "v6_cidr_blocks": []
              },
              {
                "description": "",
                "from_port": -1,
                "id": "enp5afbhme0j1j0ok15o",
                "labels": {},
                "port": 443,
                "predefined_target": "",
                "protocol": "TCP",
                "security_group_id": "",
                "to_port": -1,
                "v4_cidr_blocks": [
                  "0.0.0.0/0"
                ],
                "v6_cidr_blocks": []
              }
            ],
            "labels": {},
            "name": "zabbix-security-group",
            "network_id": "enph93srhpb84ub3d956",
            "status": "ACTIVE",
            "timeouts": null
          },
          "sensitive_attributes": [],
          "identity_schema_version": 0,
          "private": "eyJlMmJmYjczMC1lY2FhLTExZTYtOGY4OC0zNDM2M2JjN2M0YzAiOnsiY3JlYXRlIjoxODAwMDAwMDAwMDAsImRlbGV0ZSI6MTgwMDAwMDAwMDAwLCJ1cGRhdGUiOjE4MDAwMDAwMDAwMH19",
          "dependencies": [
            "yandex_vpc_network.main"
          ]
        }
      ]
    },
    {
      "mode": "managed",
      "type": "yandex_vpc_subnet",
      "name": "private_a",
      "provider": "provider[\"registry.terraform.io/yandex-cloud/yandex\"]",
      "instances": [
        {
          "schema_version": 0,
          "attributes": {
            "created_at": "2025-11-13T04:20:41Z",
            "description": "",
            "dhcp_options": [],
            "folder_id": "b1g9cbs1t90uq9tgn39b",
            "id": "e9bo51o9suv5e1snva5n",
            "labels": {},
            "name": "private-subnet-a",
            "network_id": "enph93srhpb84ub3d956",
            "route_table_id": "enpe8tb4gvgeb9g3pqlm",
            "timeouts": null,
            "v4_cidr_blocks": [
              "192.168.20.0/24"
            ],
            "v6_cidr_blocks": [],
            "zone": "ru-central1-a"
          },
          "sensitive_attributes": [],
          "identity_schema_version": 0,
          "private": "eyJlMmJmYjczMC1lY2FhLTExZTYtOGY4OC0zNDM2M2JjN2M0YzAiOnsiY3JlYXRlIjoxODAwMDAwMDAwMDAsImRlbGV0ZSI6MTgwMDAwMDAwMDAwLCJ1cGRhdGUiOjE4MDAwMDAwMDAwMH19",
          "dependencies": [
            "yandex_vpc_gateway.nat_gateway",
            "yandex_vpc_network.main",
            "yandex_vpc_route_table.nat"
          ]
        }
      ]
    },
    {
      "mode": "managed",
      "type": "yandex_vpc_subnet",
      "name": "private_b",
      "provider": "provider[\"registry.terraform.io/yandex-cloud/yandex\"]",
      "instances": [
        {
          "schema_version": 0,
          "attributes": {
            "created_at": "2025-11-13T04:20:42Z",
            "description": "",
            "dhcp_options": [],
            "folder_id": "b1g9cbs1t90uq9tgn39b",
            "id": "e2lfc40sn0g02bk3grhb",
            "labels": {},
            "name": "private-subnet-b",
            "network_id": "enph93srhpb84ub3d956",
            "route_table_id": "enpe8tb4gvgeb9g3pqlm",
            "timeouts": null,
            "v4_cidr_blocks": [
              "192.168.30.0/24"
            ],
            "v6_cidr_blocks": [],
            "zone": "ru-central1-b"
          },
          "sensitive_attributes": [],
          "identity_schema_version": 0,
          "private": "eyJlMmJmYjczMC1lY2FhLTExZTYtOGY4OC0zNDM2M2JjN2M0YzAiOnsiY3JlYXRlIjoxODAwMDAwMDAwMDAsImRlbGV0ZSI6MTgwMDAwMDAwMDAwLCJ1cGRhdGUiOjE4MDAwMDAwMDAwMH19",
          "dependencies": [
            "yandex_vpc_gateway.nat_gateway",
            "yandex_vpc_network.main",
            "yandex_vpc_route_table.nat"
          ]
        }
      ]
    },
    {
      "mode": "managed",
      "type": "yandex_vpc_subnet",
      "name": "public",
      "provider": "provider[\"registry.terraform.io/yandex-cloud/yandex\"]",
      "instances": [
        {
          "schema_version": 0,
          "attributes": {
            "created_at": "2025-11-13T04:20:39Z",
            "description": "",
            "dhcp_options": [],
            "folder_id": "b1g9cbs1t90uq9tgn39b",
            "id": "e9b10u8p4cc7e3kr8t7f",
            "labels": {},
            "name": "public-subnet",
            "network_id": "enph93srhpb84ub3d956",
            "route_table_id": "",
            "timeouts": null,
            "v4_cidr_blocks": [
              "192.168.10.0/24"
            ],
            "v6_cidr_blocks": [],
            "zone": "ru-central1-a"
          },
          "sensitive_attributes": [],
          "identity_schema_version": 0,
          "private": "eyJlMmJmYjczMC1lY2FhLTExZTYtOGY4OC0zNDM2M2JjN2M0YzAiOnsiY3JlYXRlIjoxODAwMDAwMDAwMDAsImRlbGV0ZSI6MTgwMDAwMDAwMDAwLCJ1cGRhdGUiOjE4MDAwMDAwMDAwMH19",
          "dependencies": [
            "yandex_vpc_network.main"
          ]
        }
      ]
    }
  ],
  "check_results": null
}
